
Microsoft Visual Studio Solution File, Format Version 12.00
# Visual Studio 2013
VisualStudioVersion = 12.0.21005.1
MinimumVisualStudioVersion = 10.0.40219.1
Project("{2150E333-8FDC-42A3-9474-1A3956D46DE8}") = "Data", "Data", "{96CDDC7E-1FCA-4705-A129-25D6A8439631}"
EndProject
Project("{2150E333-8FDC-42A3-9474-1A3956D46DE8}") = "Business", "Business", "{89F77171-F2EF-4D40-9D9E-A755E75E8F7C}"
EndProject
Project("{2150E333-8FDC-42A3-9474-1A3956D46DE8}") = "Services", "Services", "{D7DE0483-2E80-4925-9765-CAB065DA00C3}"
EndProject
Project("{2150E333-8FDC-42A3-9474-1A3956D46DE8}") = "Presentation", "Presentation", "{B6E55991-003A-448C-A935-CC633C4A3421}"
EndProject
Project("{2150E333-8FDC-42A3-9474-1A3956D46DE8}") = "Hosts", "Hosts", "{E59A5A86-C908-4264-922D-D25CAFE4E271}"
EndProject
Project("{2150E333-8FDC-42A3-9474-1A3956D46DE8}") = "Shared", "Shared", "{35AB2D7A-CD79-44C6-BD05-8A1D4523F55E}"
EndProject
Project("{FAE04EC0-301F-11D3-BF4B-00C04F79EFBC}") = "TFIParcial.Framework", "Shared\TestParcial.Framework\TFIParcial.Framework.csproj", "{AEA52572-7843-4A95-9B23-40F73540E6B5}"
EndProject
Project("{FAE04EC0-301F-11D3-BF4B-00C04F79EFBC}") = "TFIParcial.Entities", "Shared\TestParcial.Entities\TFIParcial.Entities.csproj", "{916013E2-5915-4E15-9C92-C2B7AF24F4D8}"
EndProject
Project("{FAE04EC0-301F-11D3-BF4B-00C04F79EFBC}") = "TFIParcial.Data", "Data\TestParcial.Data\TFIParcial.Data.csproj", "{C03839FB-ED03-4FDE-A931-B89BE4756592}"
EndProject
Project("{FAE04EC0-301F-11D3-BF4B-00C04F79EFBC}") = "TFIParcial.Business", "Business\TestParcial.Business\TFIParcial.Business.csproj", "{8D7F8EC2-B848-4D81-AEDE-BA0B69A4B62A}"
EndProject
Project("{FAE04EC0-301F-11D3-BF4B-00C04F79EFBC}") = "TFIParcial.Services.Contracts", "Services\TestParcial.Services.Contracts\TFIParcial.Services.Contracts.csproj", "{86C424AD-24EF-4047-9BA7-23CCA473F35F}"
EndProject
Project("{FAE04EC0-301F-11D3-BF4B-00C04F79EFBC}") = "TFIParcial.Services.Http", "Services\TestParcial.Services.Http\TFIParcial.Services.Http.csproj", "{CADD7592-D456-447C-9511-0C26109A899F}"
EndProject
Project("{FAE04EC0-301F-11D3-BF4B-00C04F79EFBC}") = "TFIParcial.Hosts.Web", "Hosts\TestParcial.Hosts.Web\TFIParcial.Hosts.Web.csproj", "{ECAA4FE5-E590-4E81-84BF-44AC9753689F}"
EndProject
Project("{FAE04EC0-301F-11D3-BF4B-00C04F79EFBC}") = "TFIParcial.UI.Process", "Presentation\TestParcial.UI.Process\TFIParcial.UI.Process.csproj", "{8FB50BCB-ABDD-41FD-88B1-4CCB26663495}"
EndProject
Project("{FAE04EC0-301F-11D3-BF4B-00C04F79EFBC}") = "TFIParcial.UI.Web", "Presentation\TestParcial.UI.Web\TFIParcial.UI.Web.csproj", "{180BCCB8-A273-4001-82B5-4025B42E229D}"
EndProject
Global
	GlobalSection(SolutionConfigurationPlatforms) = preSolution
		Debug|Any CPU = Debug|Any CPU
		Release|Any CPU = Release|Any CPU
	EndGlobalSection
	GlobalSection(ProjectConfigurationPlatforms) = postSolution
		{AEA52572-7843-4A95-9B23-40F73540E6B5}.Debug|Any CPU.ActiveCfg = Debug|Any CPU
		{AEA52572-7843-4A95-9B23-40F73540E6B5}.Debug|Any CPU.Build.0 = Debug|Any CPU
		{AEA52572-7843-4A95-9B23-40F73540E6B5}.Release|Any CPU.ActiveCfg = Release|Any CPU
		{AEA52572-7843-4A95-9B23-40F73540E6B5}.Release|Any CPU.Build.0 = Release|Any CPU
		{916013E2-5915-4E15-9C92-C2B7AF24F4D8}.Debug|Any CPU.ActiveCfg = Debug|Any CPU
		{916013E2-5915-4E15-9C92-C2B7AF24F4D8}.Debug|Any CPU.Build.0 = Debug|Any CPU
		{916013E2-5915-4E15-9C92-C2B7AF24F4D8}.Release|Any CPU.ActiveCfg = Release|Any CPU
		{916013E2-5915-4E15-9C92-C2B7AF24F4D8}.Release|Any CPU.Build.0 = Release|Any CPU
		{C03839FB-ED03-4FDE-A931-B89BE4756592}.Debug|Any CPU.ActiveCfg = Debug|Any CPU
		{C03839FB-ED03-4FDE-A931-B89BE4756592}.Debug|Any CPU.Build.0 = Debug|Any CPU
		{C03839FB-ED03-4FDE-A931-B89BE4756592}.Release|Any CPU.ActiveCfg = Release|Any CPU
		{C03839FB-ED03-4FDE-A931-B89BE4756592}.Release|Any CPU.Build.0 = Release|Any CPU
		{8D7F8EC2-B848-4D81-AEDE-BA0B69A4B62A}.Debug|Any CPU.ActiveCfg = Debug|Any CPU
		{8D7F8EC2-B848-4D81-AEDE-BA0B69A4B62A}.Debug|Any CPU.Build.0 = Debug|Any CPU
		{8D7F8EC2-B848-4D81-AEDE-BA0B69A4B62A}.Release|Any CPU.ActiveCfg = Release|Any CPU
		{8D7F8EC2-B848-4D81-AEDE-BA0B69A4B62A}.Release|Any CPU.Build.0 = Release|Any CPU
		{86C424AD-24EF-4047-9BA7-23CCA473F35F}.Debug|Any CPU.ActiveCfg = Debug|Any CPU
		{86C424AD-24EF-4047-9BA7-23CCA473F35F}.Debug|Any CPU.Build.0 = Debug|Any CPU
		{86C424AD-24EF-4047-9BA7-23CCA473F35F}.Release|Any CPU.ActiveCfg = Release|Any CPU
		{86C424AD-24EF-4047-9BA7-23CCA473F35F}.Release|Any CPU.Build.0 = Release|Any CPU
		{CADD7592-D456-447C-9511-0C26109A899F}.Debug|Any CPU.ActiveCfg = Debug|Any CPU
		{CADD7592-D456-447C-9511-0C26109A899F}.Debug|Any CPU.Build.0 = Debug|Any CPU
		{CADD7592-D456-447C-9511-0C26109A899F}.Release|Any CPU.ActiveCfg = Release|Any CPU
		{CADD7592-D456-447C-9511-0C26109A899F}.Release|Any CPU.Build.0 = Release|Any CPU
		{ECAA4FE5-E590-4E81-84BF-44AC9753689F}.Debug|Any CPU.ActiveCfg = Debug|Any CPU
		{ECAA4FE5-E590-4E81-84BF-44AC9753689F}.Debug|Any CPU.Build.0 = Debug|Any CPU
		{ECAA4FE5-E590-4E81-84BF-44AC9753689F}.Release|Any CPU.ActiveCfg = Release|Any CPU
		{ECAA4FE5-E590-4E81-84BF-44AC9753689F}.Release|Any CPU.Build.0 = Release|Any CPU
		{8FB50BCB-ABDD-41FD-88B1-4CCB26663495}.Debug|Any CPU.ActiveCfg = Debug|Any CPU
		{8FB50BCB-ABDD-41FD-88B1-4CCB26663495}.Debug|Any CPU.Build.0 = Debug|Any CPU
		{8FB50BCB-ABDD-41FD-88B1-4CCB26663495}.Release|Any CPU.ActiveCfg = Release|Any CPU
		{8FB50BCB-ABDD-41FD-88B1-4CCB26663495}.Release|Any CPU.Build.0 = Release|Any CPU
		{180BCCB8-A273-4001-82B5-4025B42E229D}.Debug|Any CPU.ActiveCfg = Debug|Any CPU
		{180BCCB8-A273-4001-82B5-4025B42E229D}.Debug|Any CPU.Build.0 = Debug|Any CPU
		{180BCCB8-A273-4001-82B5-4025B42E229D}.Release|Any CPU.ActiveCfg = Release|Any CPU
		{180BCCB8-A273-4001-82B5-4025B42E229D}.Release|Any CPU.Build.0 = Release|Any CPU
	EndGlobalSection
	GlobalSection(SolutionProperties) = preSolution
		HideSolutionNode = FALSE
	EndGlobalSection
	GlobalSection(NestedProjects) = preSolution
		{C03839FB-ED03-4FDE-A931-B89BE4756592} = {96CDDC7E-1FCA-4705-A129-25D6A8439631}
		{8D7F8EC2-B848-4D81-AEDE-BA0B69A4B62A} = {89F77171-F2EF-4D40-9D9E-A755E75E8F7C}
		{86C424AD-24EF-4047-9BA7-23CCA473F35F} = {D7DE0483-2E80-4925-9765-CAB065DA00C3}
		{CADD7592-D456-447C-9511-0C26109A899F} = {D7DE0483-2E80-4925-9765-CAB065DA00C3}
		{8FB50BCB-ABDD-41FD-88B1-4CCB26663495} = {B6E55991-003A-448C-A935-CC633C4A3421}
		{180BCCB8-A273-4001-82B5-4025B42E229D} = {B6E55991-003A-448C-A935-CC633C4A3421}
		{ECAA4FE5-E590-4E81-84BF-44AC9753689F} = {E59A5A86-C908-4264-922D-D25CAFE4E271}
		{AEA52572-7843-4A95-9B23-40F73540E6B5} = {35AB2D7A-CD79-44C6-BD05-8A1D4523F55E}
		{916013E2-5915-4E15-9C92-C2B7AF24F4D8} = {35AB2D7A-CD79-44C6-BD05-8A1D4523F55E}
	EndGlobalSection
EndGlobal
